// !$*UTF8*$!
{
	archiveVersion = 1;
	classes = {
	};
	objectVersion = 46;
	objects = {

/* Begin PBXBuildFile section */
		3160DBF51BF9758F005F0671 /* Player.cpp in Sources */ = {isa = PBXBuildFile; fileRef = 3160DBF31BF9758F005F0671 /* Player.cpp */; };
		3160DBFD1BF9845C005F0671 /* Board.cpp in Sources */ = {isa = PBXBuildFile; fileRef = 3160DBFB1BF9845C005F0671 /* Board.cpp */; };
		3160DBFF1BFB6D63005F0671 /* Game.cpp in Sources */ = {isa = PBXBuildFile; fileRef = 3160DBFE1BFB6D63005F0671 /* Game.cpp */; };
/* End PBXBuildFile section */

/* Begin PBXCopyFilesBuildPhase section */
		3160DBE31BF96CAE005F0671 /* CopyFiles */ = {
			isa = PBXCopyFilesBuildPhase;
			buildActionMask = 2147483647;
			dstPath = /usr/share/man/man1/;
			dstSubfolderSpec = 0;
			files = (
			);
			runOnlyForDeploymentPostprocessing = 1;
		};
/* End PBXCopyFilesBuildPhase section */

/* Begin PBXFileReference section */
		3160DBE51BF96CAF005F0671 /* Conecta */ = {isa = PBXFileReference; explicitFileType = "compiled.mach-o.executable"; includeInIndex = 0; path = Conecta; sourceTree = BUILT_PRODUCTS_DIR; };
		3160DBF31BF9758F005F0671 /* Player.cpp */ = {isa = PBXFileReference; fileEncoding = 4; lastKnownFileType = sourcecode.cpp.cpp; path = Player.cpp; sourceTree = "<group>"; };
		3160DBF41BF9758F005F0671 /* Player.hpp */ = {isa = PBXFileReference; fileEncoding = 4; lastKnownFileType = sourcecode.cpp.h; path = Player.hpp; sourceTree = "<group>"; };
		3160DBFB1BF9845C005F0671 /* Board.cpp */ = {isa = PBXFileReference; fileEncoding = 4; lastKnownFileType = sourcecode.cpp.cpp; path = Board.cpp; sourceTree = "<group>"; };
		3160DBFC1BF9845C005F0671 /* Board.hpp */ = {isa = PBXFileReference; fileEncoding = 4; lastKnownFileType = sourcecode.cpp.h; path = Board.hpp; sourceTree = "<group>"; };
		3160DBFE1BFB6D63005F0671 /* Game.cpp */ = {isa = PBXFileReference; fileEncoding = 4; lastKnownFileType = sourcecode.cpp.cpp; path = Game.cpp; sourceTree = "<group>"; };
/* End PBXFileReference section */

/* Begin PBXFrameworksBuildPhase section */
		3160DBE21BF96CAE005F0671 /* Frameworks */ = {
			isa = PBXFrameworksBuildPhase;
			buildActionMask = 2147483647;
			files = (
			);
			runOnlyForDeploymentPostprocessing = 0;
		};
/* End PBXFrameworksBuildPhase section */

/* Begin PBXGroup section */
		3160DBDC1BF96CAE005F0671 = {
			isa = PBXGroup;
			children = (
				3160DBE71BF96CAF005F0671 /* Conecta */,
				3160DBE61BF96CAF005F0671 /* Products */,
			);
			sourceTree = "<group>";
		};
		3160DBE61BF96CAF005F0671 /* Products */ = {
			isa = PBXGroup;
			children = (
				3160DBE51BF96CAF005F0671 /* Conecta */,
			);
			name = Products;
			sourceTree = "<group>";
		};
		3160DBE71BF96CAF005F0671 /* Conecta */ = {
			isa = PBXGroup;
			children = (
				3160DBF31BF9758F005F0671 /* Player.cpp */,
				3160DBF41BF9758F005F0671 /* Player.hpp */,
				3160DBFB1BF9845C005F0671 /* Board.cpp */,
				3160DBFC1BF9845C005F0671 /* Board.hpp */,
				3160DBFE1BFB6D63005F0671 /* Game.cpp */,
			);
			path = Conecta;
			sourceTree = "<group>";
		};
/* End PBXGroup section */

/* Begin PBXNativeTarget section */
		3160DBE41BF96CAE005F0671 /* Conecta */ = {
			isa = PBXNativeTarget;
			buildConfigurationList = 3160DBEC1BF96CAF005F0671 /* Build configuration list for PBXNativeTarget "Conecta" */;
			buildPhases = (
				3160DBE11BF96CAE005F0671 /* Sources */,
				3160DBE21BF96CAE005F0671 /* Frameworks */,
				3160DBE31BF96CAE005F0671 /* CopyFiles */,
			);
			buildRules = (
			);
			dependencies = (
			);
			name = Conecta;
			productName = Conecta;
			productReference = 3160DBE51BF96CAF005F0671 /* Conecta */;
			productType = "com.apple.product-type.tool";
		};
/* End PBXNativeTarget section */

/* Begin PBXProject section */
		3160DBDD1BF96CAE005F0671 /* Project object */ = {
			isa = PBXProject;
			attributes = {
				LastUpgradeCheck = 0710;
				ORGANIZATIONNAME = "Edwin Montoya";
				TargetAttributes = {
					3160DBE41BF96CAE005F0671 = {
						CreatedOnToolsVersion = 7.1.1;
					};
				};
			};
			buildConfigurationList = 3160DBE01BF96CAE005F0671 /* Build configuration list for PBXProject "Conecta" */;
			compatibilityVersion = "Xcode 3.2";
			developmentRegion = English;
			hasScannedForEncodings = 0;
			knownRegions = (
				en,
			);
			mainGroup = 3160DBDC1BF96CAE005F0671;
			productRefGroup = 3160DBE61BF96CAF005F0671 /* Products */;
			projectDirPath = "";
			projectRoot = "";
			targets = (
				3160DBE41BF96CAE005F0671 /* Conecta */,
			);
		};
/* End PBXProject section */

/* Begin PBXSourcesBuildPhase section */
		3160DBE11BF96CAE005F0671 /* Sources */ = {
			isa = PBXSourcesBuildPhase;
			buildActionMask = 2147483647;
			files = (
				3160DBFF1BFB6D63005F0671 /* Game.cpp in Sources */,
				3160DBFD1BF9845C005F0671 /* Board.cpp in Sources */,
				3160DBF51BF9758F005F0671 /* Player.cpp in Sources */,
			);
			runOnlyForDeploymentPostprocessing = 0;
		};
/* End PBXSourcesBuildPhase section */

/* Begin XCBuildConfiguration section */
		3160DBEA1BF96CAF005F0671 /* Debug */ = {
			isa = XCBuildConfiguration;
			buildSettings = {
				ALWAYS_SEARCH_USER_PATHS = NO;
				CLANG_CXX_LANGUAGE_STANDARD = "gnu++0x";
				CLANG_CXX_LIBRARY = "libc++";
				CLANG_ENABLE_MODULES = YES;
				CLANG_ENABLE_OBJC_ARC = YES;
				CLANG_WARN_BOOL_CONVERSION = YES;
				CLANG_WARN_CONSTANT_CONVERSION = YES;
				CLANG_WARN_DIRECT_OBJC_ISA_USAGE = YES_ERROR;
				CLANG_WARN_EMPTY_BODY = YES;
				CLANG_WARN_ENUM_CONVERSION = YES;
				CLANG_WARN_INT_CONVERSION = YES;
				CLANG_WARN_OBJC_ROOT_CLASS = YES_ERROR;
				CLANG_WARN_UNREACHABLE_CODE = YES;
				CLANG_WARN__DUPLICATE_METHOD_MATCH = YES;
				CODE_SIGN_IDENTITY = "-";
				COPY_PHASE_STRIP = NO;
				DEBUG_INFORMATION_FORMAT = dwarf;
				ENABLE_STRICT_OBJC_MSGSEND = YES;
				ENABLE_TESTABILITY = YES;
				GCC_C_LANGUAGE_STANDARD = gnu99;
				GCC_DYNAMIC_NO_PIC = NO;
				GCC_NO_COMMON_BLOCKS = YES;
				GCC_OPTIMIZATION_LEVEL = 0;
				GCC_PREPROCESSOR_DEFINITIONS = (
					"DEBUG=1",
					"$(inherited)",
				);
				GCC_WARN_64_TO_32_BIT_CONVERSION = YES;
				GCC_WARN_ABOUT_RETURN_TYPE = YES_ERROR;
				GCC_WARN_UNDECLARED_SELECTOR = YES;
				GCC_WARN_UNINITIALIZED_AUTOS = YES_AGGRESSIVE;
				GCC_WARN_UNUSED_FUNCTION = YES;
				GCC_WARN_UNUSED_VARIABLE = YES;
				MACOSX_DEPLOYMENT_TARGET = 10.11;
				MTL_ENABLE_DEBUG_INFO = YES;
				ONLY_ACTIVE_ARCH = YES;
				SDKROOT = macosx;
			};
			name = Debug;
		};
		3160DBEB1BF96CAF005F0671 /* Release */ = {
			isa = XCBuildConfiguration;
			buildSettings = {
				ALWAYS_SEARCH_USER_PATHS = NO;
				CLANG_CXX_LANGUAGE_STANDARD = "gnu++0x";
				CLANG_CXX_LIBRARY = "libc++";
				CLANG_ENABLE_MODULES = YES;
				CLANG_ENABLE_OBJC_ARC = YES;
				CLANG_WARN_BOOL_CONVERSION = YES;
				CLANG_WARN_CONSTANT_CONVERSION = YES;
				CLANG_WARN_DIRECT_OBJC_ISA_USAGE = YES_ERROR;
				CLANG_WARN_EMPTY_BODY = YES;
				CLANG_WARN_ENUM_CONVERSION = YES;
				CLANG_WARN_INT_CONVERSION = YES;
				CLANG_WARN_OBJC_ROOT_CLASS = YES_ERROR;
				CLANG_WARN_UNREACHABLE_CODE = YES;
				CLANG_WARN__DUPLICATE_METHOD_MATCH = YES;
				CODE_SIGN_IDENTITY = "-";
				COPY_PHASE_STRIP = NO;
				DEBUG_INFORMATION_FORMAT = "dwarf-with-dsym";
				ENABLE_NS_ASSERTIONS = NO;
				ENABLE_STRICT_OBJC_MSGSEND = YES;
				GCC_C_LANGUAGE_STANDARD = gnu99;
				GCC_NO_COMMON_BLOCKS = YES;
				GCC_WARN_64_TO_32_BIT_CONVERSION = YES;
				GCC_WARN_ABOUT_RETURN_TYPE = YES_ERROR;
				GCC_WARN_UNDECLARED_SELECTOR = YES;
				GCC_WARN_UNINITIALIZED_AUTOS = YES_AGGRESSIVE;
				GCC_WARN_UNUSED_FUNCTION = YES;
				GCC_WARN_UNUSED_VARIABLE = YES;
				MACOSX_DEPLOYMENT_TARGET = 10.11;
				MTL_ENABLE_DEBUG_INFO = NO;
				SDKROOT = macosx;
			};
			name = Release;
		};
		3160DBED1BF96CAF005F0671 /* Debug */ = {
			isa = XCBuildConfiguration;
			buildSettings = {
				PRODUCT_NAME = "$(TARGET_NAME)";
			};
			name = Debug;
		};
		3160DBEE1BF96CAF005F0671 /* Release */ = {
			isa = XCBuildConfiguration;
			buildSettings = {
				PRODUCT_NAME = "$(TARGET_NAME)";
			};
			name = Release;
		};
/* End XCBuildConfiguration section */

/* Begin XCConfigurationList section */
		3160DBE01BF96CAE005F0671 /* Build configuration list for PBXProject "Conecta" */ = {
			isa = XCConfigurationList;
			buildConfigurations = (
				3160DBEA1BF96CAF005F0671 /* Debug */,
				3160DBEB1BF96CAF005F0671 /* Release */,
			);
			defaultConfigurationIsVisible = 0;
			defaultConfigurationName = Release;
		};
		3160DBEC1BF96CAF005F0671 /* Build configuration list for PBXNativeTarget "Conecta" */ = {
			isa = XCConfigurationList;
			buildConfigurations = (
				3160DBED1BF96CAF005F0671 /* Debug */,
				3160DBEE1BF96CAF005F0671 /* Release */,
			);
			defaultConfigurationIsVisible = 0;
		};
/* End XCConfigurationList section */
	};
	rootObject = 3160DBDD1BF96CAE005F0671 /* Project object */;
}
